
Microsoft Visual Studio Solution File, Format Version 12.00
# Visual Studio Version 17
VisualStudioVersion = 17.0.31903.59
MinimumVisualStudioVersion = 10.0.40219.1
Project("{2150E333-8FDC-42A3-9474-1A3956D46DE8}") = "src", "src", "{827E0CD3-B72D-47B6-A68D-7590B98EB39B}"
EndProject
Project("{FAE04EC0-301F-11D3-BF4B-00C04F79EFBC}") = "AgentFramework.Agent", "src\AgentFramework.Agent\AgentFramework.Agent.csproj", "{68661020-406F-4759-984D-7B4B8EB1693B}"
EndProject
Project("{FAE04EC0-301F-11D3-BF4B-00C04F79EFBC}") = "AgentFramework.Contracts", "src\AgentFramework.Contracts\AgentFramework.Contracts.csproj", "{A4DD9250-05EB-4415-8307-9A82558A6C5D}"
EndProject
Project("{FAE04EC0-301F-11D3-BF4B-00C04F79EFBC}") = "AgentFramework.Data", "src\AgentFramework.Data\AgentFramework.Data.csproj", "{89DE934D-367D-4A11-94FB-75243F0E26B2}"
EndProject
Project("{FAE04EC0-301F-11D3-BF4B-00C04F79EFBC}") = "AgentFramework.Desktop", "src\AgentFramework.Desktop\AgentFramework.Desktop.csproj", "{9569AF58-532C-465A-A635-104FFF6168C4}"
EndProject
Project("{FAE04EC0-301F-11D3-BF4B-00C04F79EFBC}") = "AgentFramework.Host", "src\AgentFramework.Host\AgentFramework.Host.csproj", "{B19B45B0-D935-4A8C-820E-D482A2BBAF9A}"
EndProject
Project("{FAE04EC0-301F-11D3-BF4B-00C04F79EFBC}") = "AgentFramework.Kernel", "src\AgentFramework.Kernel\AgentFramework.Kernel.csproj", "{832C8893-5A27-4A79-8BC7-10750B6E5396}"
EndProject
Project("{FAE04EC0-301F-11D3-BF4B-00C04F79EFBC}") = "AgentFramework.Llm", "src\AgentFramework.Llm\AgentFramework.Llm.csproj", "{A5B04F49-C7AB-4AB5-B2A8-1117452895C9}"
EndProject
Project("{FAE04EC0-301F-11D3-BF4B-00C04F79EFBC}") = "AgentFramework.Tools", "src\AgentFramework.Tools\AgentFramework.Tools.csproj", "{AE2A9262-57E1-4B70-9701-93984AC2BB72}"
EndProject
Project("{FAE04EC0-301F-11D3-BF4B-00C04F79EFBC}") = "AgentFramework.Index", "src\AgentFramework.Index\AgentFramework.Index.csproj", "{6965CDDA-94BA-42B7-B85E-8E9BABB158B3}"
EndProject
Project("{FAE04EC0-301F-11D3-BF4B-00C04F79EFBC}") = "AgentFramework.Launcher", "src\AgentFramework.Launcher\AgentFramework.Launcher.csproj", "{73ACC308-0840-4716-AE08-05C08F1CC79A}"
EndProject
Project("{FAE04EC0-301F-11D3-BF4B-00C04F79EFBC}") = "AgentFramework.SamplePlugin", "src\AgentFramework.SamplePlugin\AgentFramework.SamplePlugin.csproj", "{C838E9EC-CC71-4E0D-AEF8-E6F436A8E448}"
EndProject
Project("{2150E333-8FDC-42A3-9474-1A3956D46DE8}") = "tests", "tests", "{0AB3BF05-4346-4AA6-1389-037BE0695223}"
EndProject
Project("{FAE04EC0-301F-11D3-BF4B-00C04F79EFBC}") = "AgentFramework.VerifyAgent", "tests\AgentFramework.VerifyAgent\AgentFramework.VerifyAgent.csproj", "{34769087-0493-45D9-8914-D134BA12FF5C}"
EndProject
Project("{FAE04EC0-301F-11D3-BF4B-00C04F79EFBC}") = "AgentFramework.Verify", "tests\AgentFramework.Verify\AgentFramework.Verify.csproj", "{1A519D35-9A43-438C-8ABB-E3B909E2F370}"
EndProject
Project("{FAE04EC0-301F-11D3-BF4B-00C04F79EFBC}") = "AgentFramework.VerifyContext", "tests\AgentFramework.VerifyContext\AgentFramework.VerifyContext.csproj", "{32124759-EEF2-4667-95AF-624C82C36831}"
EndProject
Project("{FAE04EC0-301F-11D3-BF4B-00C04F79EFBC}") = "AgentFramework.VerifyData", "tests\AgentFramework.VerifyData\AgentFramework.VerifyData.csproj", "{0A452AB7-39BB-44FC-84CC-D619A68BBC09}"
EndProject
Project("{FAE04EC0-301F-11D3-BF4B-00C04F79EFBC}") = "AgentFramework.VerifyHost", "tests\AgentFramework.VerifyHost\AgentFramework.VerifyHost.csproj", "{C21ADFDC-399E-4208-83AA-F420D9F9AEEB}"
EndProject
Project("{FAE04EC0-301F-11D3-BF4B-00C04F79EFBC}") = "AgentFramework.VerifyLauncher", "tests\AgentFramework.VerifyLauncher\AgentFramework.VerifyLauncher.csproj", "{62F09B0A-921A-4930-8131-675F4AA60FAE}"
EndProject
Project("{FAE04EC0-301F-11D3-BF4B-00C04F79EFBC}") = "AgentFramework.VerifyMemory", "tests\AgentFramework.VerifyMemory\AgentFramework.VerifyMemory.csproj", "{FCF27963-8C88-4AF6-8AA4-7DBBD6D3F797}"
EndProject
Project("{FAE04EC0-301F-11D3-BF4B-00C04F79EFBC}") = "AgentFramework.VerifyRephrase", "tests\AgentFramework.VerifyRephrase\AgentFramework.VerifyRephrase.csproj", "{7F646745-959C-4585-88D9-A879D3CEC6FF}"
EndProject
Project("{FAE04EC0-301F-11D3-BF4B-00C04F79EFBC}") = "AgentFramework.VerifySummary", "tests\AgentFramework.VerifySummary\AgentFramework.VerifySummary.csproj", "{02AE8AAD-ED4E-43A6-9600-1A8F9B9B8A89}"
EndProject
Project("{FAE04EC0-301F-11D3-BF4B-00C04F79EFBC}") = "AgentFramework.VerifyTools", "tests\AgentFramework.VerifyTools\AgentFramework.VerifyTools.csproj", "{8468C03C-A1A9-415D-8197-343C6824BB3E}"
EndProject
Project("{FAE04EC0-301F-11D3-BF4B-00C04F79EFBC}") = "AgentFramework.VerifyWeb", "tests\AgentFramework.VerifyWeb\AgentFramework.VerifyWeb.csproj", "{189E02FC-F1EE-4BF5-A476-CBEE84F0D9AE}"
EndProject
Project("{FAE04EC0-301F-11D3-BF4B-00C04F79EFBC}") = "AgentFramework.VerifyLlm", "tests\AgentFramework.VerifyLlm\AgentFramework.VerifyLlm.csproj", "{A5483AE2-99CD-4BE9-A9DF-6872720A51CB}"
EndProject
Global
	GlobalSection(SolutionConfigurationPlatforms) = preSolution
		Debug|Any CPU = Debug|Any CPU
		Debug|x64 = Debug|x64
		Debug|x86 = Debug|x86
		Release|Any CPU = Release|Any CPU
		Release|x64 = Release|x64
		Release|x86 = Release|x86
	EndGlobalSection
	GlobalSection(ProjectConfigurationPlatforms) = postSolution
		{68661020-406F-4759-984D-7B4B8EB1693B}.Debug|Any CPU.ActiveCfg = Debug|Any CPU
		{68661020-406F-4759-984D-7B4B8EB1693B}.Debug|Any CPU.Build.0 = Debug|Any CPU
		{68661020-406F-4759-984D-7B4B8EB1693B}.Debug|x64.ActiveCfg = Debug|Any CPU
		{68661020-406F-4759-984D-7B4B8EB1693B}.Debug|x64.Build.0 = Debug|Any CPU
		{68661020-406F-4759-984D-7B4B8EB1693B}.Debug|x86.ActiveCfg = Debug|Any CPU
		{68661020-406F-4759-984D-7B4B8EB1693B}.Debug|x86.Build.0 = Debug|Any CPU
		{68661020-406F-4759-984D-7B4B8EB1693B}.Release|Any CPU.ActiveCfg = Release|Any CPU
		{68661020-406F-4759-984D-7B4B8EB1693B}.Release|Any CPU.Build.0 = Release|Any CPU
		{68661020-406F-4759-984D-7B4B8EB1693B}.Release|x64.ActiveCfg = Release|Any CPU
		{68661020-406F-4759-984D-7B4B8EB1693B}.Release|x64.Build.0 = Release|Any CPU
		{68661020-406F-4759-984D-7B4B8EB1693B}.Release|x86.ActiveCfg = Release|Any CPU
		{68661020-406F-4759-984D-7B4B8EB1693B}.Release|x86.Build.0 = Release|Any CPU
		{A4DD9250-05EB-4415-8307-9A82558A6C5D}.Debug|Any CPU.ActiveCfg = Debug|Any CPU
		{A4DD9250-05EB-4415-8307-9A82558A6C5D}.Debug|Any CPU.Build.0 = Debug|Any CPU
		{A4DD9250-05EB-4415-8307-9A82558A6C5D}.Debug|x64.ActiveCfg = Debug|Any CPU
		{A4DD9250-05EB-4415-8307-9A82558A6C5D}.Debug|x64.Build.0 = Debug|Any CPU
		{A4DD9250-05EB-4415-8307-9A82558A6C5D}.Debug|x86.ActiveCfg = Debug|Any CPU
		{A4DD9250-05EB-4415-8307-9A82558A6C5D}.Debug|x86.Build.0 = Debug|Any CPU
		{A4DD9250-05EB-4415-8307-9A82558A6C5D}.Release|Any CPU.ActiveCfg = Release|Any CPU
		{A4DD9250-05EB-4415-8307-9A82558A6C5D}.Release|Any CPU.Build.0 = Release|Any CPU
		{A4DD9250-05EB-4415-8307-9A82558A6C5D}.Release|x64.ActiveCfg = Release|Any CPU
		{A4DD9250-05EB-4415-8307-9A82558A6C5D}.Release|x64.Build.0 = Release|Any CPU
		{A4DD9250-05EB-4415-8307-9A82558A6C5D}.Release|x86.ActiveCfg = Release|Any CPU
		{A4DD9250-05EB-4415-8307-9A82558A6C5D}.Release|x86.Build.0 = Release|Any CPU
		{89DE934D-367D-4A11-94FB-75243F0E26B2}.Debug|Any CPU.ActiveCfg = Debug|Any CPU
		{89DE934D-367D-4A11-94FB-75243F0E26B2}.Debug|Any CPU.Build.0 = Debug|Any CPU
		{89DE934D-367D-4A11-94FB-75243F0E26B2}.Debug|x64.ActiveCfg = Debug|Any CPU
		{89DE934D-367D-4A11-94FB-75243F0E26B2}.Debug|x64.Build.0 = Debug|Any CPU
		{89DE934D-367D-4A11-94FB-75243F0E26B2}.Debug|x86.ActiveCfg = Debug|Any CPU
		{89DE934D-367D-4A11-94FB-75243F0E26B2}.Debug|x86.Build.0 = Debug|Any CPU
		{89DE934D-367D-4A11-94FB-75243F0E26B2}.Release|Any CPU.ActiveCfg = Release|Any CPU
		{89DE934D-367D-4A11-94FB-75243F0E26B2}.Release|Any CPU.Build.0 = Release|Any CPU
		{89DE934D-367D-4A11-94FB-75243F0E26B2}.Release|x64.ActiveCfg = Release|Any CPU
		{89DE934D-367D-4A11-94FB-75243F0E26B2}.Release|x64.Build.0 = Release|Any CPU
		{89DE934D-367D-4A11-94FB-75243F0E26B2}.Release|x86.ActiveCfg = Release|Any CPU
		{89DE934D-367D-4A11-94FB-75243F0E26B2}.Release|x86.Build.0 = Release|Any CPU
		{9569AF58-532C-465A-A635-104FFF6168C4}.Debug|Any CPU.ActiveCfg = Debug|Any CPU
		{9569AF58-532C-465A-A635-104FFF6168C4}.Debug|Any CPU.Build.0 = Debug|Any CPU
		{9569AF58-532C-465A-A635-104FFF6168C4}.Debug|x64.ActiveCfg = Debug|Any CPU
		{9569AF58-532C-465A-A635-104FFF6168C4}.Debug|x64.Build.0 = Debug|Any CPU
		{9569AF58-532C-465A-A635-104FFF6168C4}.Debug|x86.ActiveCfg = Debug|Any CPU
		{9569AF58-532C-465A-A635-104FFF6168C4}.Debug|x86.Build.0 = Debug|Any CPU
		{9569AF58-532C-465A-A635-104FFF6168C4}.Release|Any CPU.ActiveCfg = Release|Any CPU
		{9569AF58-532C-465A-A635-104FFF6168C4}.Release|Any CPU.Build.0 = Release|Any CPU
		{9569AF58-532C-465A-A635-104FFF6168C4}.Release|x64.ActiveCfg = Release|Any CPU
		{9569AF58-532C-465A-A635-104FFF6168C4}.Release|x64.Build.0 = Release|Any CPU
		{9569AF58-532C-465A-A635-104FFF6168C4}.Release|x86.ActiveCfg = Release|Any CPU
		{9569AF58-532C-465A-A635-104FFF6168C4}.Release|x86.Build.0 = Release|Any CPU
		{B19B45B0-D935-4A8C-820E-D482A2BBAF9A}.Debug|Any CPU.ActiveCfg = Debug|Any CPU
		{B19B45B0-D935-4A8C-820E-D482A2BBAF9A}.Debug|Any CPU.Build.0 = Debug|Any CPU
		{B19B45B0-D935-4A8C-820E-D482A2BBAF9A}.Debug|x64.ActiveCfg = Debug|Any CPU
		{B19B45B0-D935-4A8C-820E-D482A2BBAF9A}.Debug|x64.Build.0 = Debug|Any CPU
		{B19B45B0-D935-4A8C-820E-D482A2BBAF9A}.Debug|x86.ActiveCfg = Debug|Any CPU
		{B19B45B0-D935-4A8C-820E-D482A2BBAF9A}.Debug|x86.Build.0 = Debug|Any CPU
		{B19B45B0-D935-4A8C-820E-D482A2BBAF9A}.Release|Any CPU.ActiveCfg = Release|Any CPU
		{B19B45B0-D935-4A8C-820E-D482A2BBAF9A}.Release|Any CPU.Build.0 = Release|Any CPU
		{B19B45B0-D935-4A8C-820E-D482A2BBAF9A}.Release|x64.ActiveCfg = Release|Any CPU
		{B19B45B0-D935-4A8C-820E-D482A2BBAF9A}.Release|x64.Build.0 = Release|Any CPU
		{B19B45B0-D935-4A8C-820E-D482A2BBAF9A}.Release|x86.ActiveCfg = Release|Any CPU
		{B19B45B0-D935-4A8C-820E-D482A2BBAF9A}.Release|x86.Build.0 = Release|Any CPU
		{832C8893-5A27-4A79-8BC7-10750B6E5396}.Debug|Any CPU.ActiveCfg = Debug|Any CPU
		{832C8893-5A27-4A79-8BC7-10750B6E5396}.Debug|Any CPU.Build.0 = Debug|Any CPU
		{832C8893-5A27-4A79-8BC7-10750B6E5396}.Debug|x64.ActiveCfg = Debug|Any CPU
		{832C8893-5A27-4A79-8BC7-10750B6E5396}.Debug|x64.Build.0 = Debug|Any CPU
		{832C8893-5A27-4A79-8BC7-10750B6E5396}.Debug|x86.ActiveCfg = Debug|Any CPU
		{832C8893-5A27-4A79-8BC7-10750B6E5396}.Debug|x86.Build.0 = Debug|Any CPU
		{832C8893-5A27-4A79-8BC7-10750B6E5396}.Release|Any CPU.ActiveCfg = Release|Any CPU
		{832C8893-5A27-4A79-8BC7-10750B6E5396}.Release|Any CPU.Build.0 = Release|Any CPU
		{832C8893-5A27-4A79-8BC7-10750B6E5396}.Release|x64.ActiveCfg = Release|Any CPU
		{832C8893-5A27-4A79-8BC7-10750B6E5396}.Release|x64.Build.0 = Release|Any CPU
		{832C8893-5A27-4A79-8BC7-10750B6E5396}.Release|x86.ActiveCfg = Release|Any CPU
		{832C8893-5A27-4A79-8BC7-10750B6E5396}.Release|x86.Build.0 = Release|Any CPU
		{A5B04F49-C7AB-4AB5-B2A8-1117452895C9}.Debug|Any CPU.ActiveCfg = Debug|Any CPU
		{A5B04F49-C7AB-4AB5-B2A8-1117452895C9}.Debug|Any CPU.Build.0 = Debug|Any CPU
		{A5B04F49-C7AB-4AB5-B2A8-1117452895C9}.Debug|x64.ActiveCfg = Debug|Any CPU
		{A5B04F49-C7AB-4AB5-B2A8-1117452895C9}.Debug|x64.Build.0 = Debug|Any CPU
		{A5B04F49-C7AB-4AB5-B2A8-1117452895C9}.Debug|x86.ActiveCfg = Debug|Any CPU
		{A5B04F49-C7AB-4AB5-B2A8-1117452895C9}.Debug|x86.Build.0 = Debug|Any CPU
		{A5B04F49-C7AB-4AB5-B2A8-1117452895C9}.Release|Any CPU.ActiveCfg = Release|Any CPU
		{A5B04F49-C7AB-4AB5-B2A8-1117452895C9}.Release|Any CPU.Build.0 = Release|Any CPU
		{A5B04F49-C7AB-4AB5-B2A8-1117452895C9}.Release|x64.ActiveCfg = Release|Any CPU
		{A5B04F49-C7AB-4AB5-B2A8-1117452895C9}.Release|x64.Build.0 = Release|Any CPU
		{A5B04F49-C7AB-4AB5-B2A8-1117452895C9}.Release|x86.ActiveCfg = Release|Any CPU
		{A5B04F49-C7AB-4AB5-B2A8-1117452895C9}.Release|x86.Build.0 = Release|Any CPU
		{AE2A9262-57E1-4B70-9701-93984AC2BB72}.Debug|Any CPU.ActiveCfg = Debug|Any CPU
		{AE2A9262-57E1-4B70-9701-93984AC2BB72}.Debug|Any CPU.Build.0 = Debug|Any CPU
		{AE2A9262-57E1-4B70-9701-93984AC2BB72}.Debug|x64.ActiveCfg = Debug|Any CPU
		{AE2A9262-57E1-4B70-9701-93984AC2BB72}.Debug|x64.Build.0 = Debug|Any CPU
		{AE2A9262-57E1-4B70-9701-93984AC2BB72}.Debug|x86.ActiveCfg = Debug|Any CPU
		{AE2A9262-57E1-4B70-9701-93984AC2BB72}.Debug|x86.Build.0 = Debug|Any CPU
		{AE2A9262-57E1-4B70-9701-93984AC2BB72}.Release|Any CPU.ActiveCfg = Release|Any CPU
		{AE2A9262-57E1-4B70-9701-93984AC2BB72}.Release|Any CPU.Build.0 = Release|Any CPU
		{AE2A9262-57E1-4B70-9701-93984AC2BB72}.Release|x64.ActiveCfg = Release|Any CPU
		{AE2A9262-57E1-4B70-9701-93984AC2BB72}.Release|x64.Build.0 = Release|Any CPU
		{AE2A9262-57E1-4B70-9701-93984AC2BB72}.Release|x86.ActiveCfg = Release|Any CPU
		{AE2A9262-57E1-4B70-9701-93984AC2BB72}.Release|x86.Build.0 = Release|Any CPU
		{6965CDDA-94BA-42B7-B85E-8E9BABB158B3}.Debug|Any CPU.ActiveCfg = Debug|Any CPU
		{6965CDDA-94BA-42B7-B85E-8E9BABB158B3}.Debug|Any CPU.Build.0 = Debug|Any CPU
		{6965CDDA-94BA-42B7-B85E-8E9BABB158B3}.Debug|x64.ActiveCfg = Debug|Any CPU
		{6965CDDA-94BA-42B7-B85E-8E9BABB158B3}.Debug|x64.Build.0 = Debug|Any CPU
		{6965CDDA-94BA-42B7-B85E-8E9BABB158B3}.Debug|x86.ActiveCfg = Debug|Any CPU
		{6965CDDA-94BA-42B7-B85E-8E9BABB158B3}.Debug|x86.Build.0 = Debug|Any CPU
		{6965CDDA-94BA-42B7-B85E-8E9BABB158B3}.Release|Any CPU.ActiveCfg = Release|Any CPU
		{6965CDDA-94BA-42B7-B85E-8E9BABB158B3}.Release|Any CPU.Build.0 = Release|Any CPU
		{6965CDDA-94BA-42B7-B85E-8E9BABB158B3}.Release|x64.ActiveCfg = Release|Any CPU
		{6965CDDA-94BA-42B7-B85E-8E9BABB158B3}.Release|x64.Build.0 = Release|Any CPU
		{6965CDDA-94BA-42B7-B85E-8E9BABB158B3}.Release|x86.ActiveCfg = Release|Any CPU
		{6965CDDA-94BA-42B7-B85E-8E9BABB158B3}.Release|x86.Build.0 = Release|Any CPU
		{73ACC308-0840-4716-AE08-05C08F1CC79A}.Debug|Any CPU.ActiveCfg = Debug|Any CPU
		{73ACC308-0840-4716-AE08-05C08F1CC79A}.Debug|Any CPU.Build.0 = Debug|Any CPU
		{73ACC308-0840-4716-AE08-05C08F1CC79A}.Debug|x64.ActiveCfg = Debug|Any CPU
		{73ACC308-0840-4716-AE08-05C08F1CC79A}.Debug|x64.Build.0 = Debug|Any CPU
		{73ACC308-0840-4716-AE08-05C08F1CC79A}.Debug|x86.ActiveCfg = Debug|Any CPU
		{73ACC308-0840-4716-AE08-05C08F1CC79A}.Debug|x86.Build.0 = Debug|Any CPU
		{73ACC308-0840-4716-AE08-05C08F1CC79A}.Release|Any CPU.ActiveCfg = Release|Any CPU
		{73ACC308-0840-4716-AE08-05C08F1CC79A}.Release|Any CPU.Build.0 = Release|Any CPU
		{73ACC308-0840-4716-AE08-05C08F1CC79A}.Release|x64.ActiveCfg = Release|Any CPU
		{73ACC308-0840-4716-AE08-05C08F1CC79A}.Release|x64.Build.0 = Release|Any CPU
		{73ACC308-0840-4716-AE08-05C08F1CC79A}.Release|x86.ActiveCfg = Release|Any CPU
		{73ACC308-0840-4716-AE08-05C08F1CC79A}.Release|x86.Build.0 = Release|Any CPU
		{C838E9EC-CC71-4E0D-AEF8-E6F436A8E448}.Debug|Any CPU.ActiveCfg = Debug|Any CPU
		{C838E9EC-CC71-4E0D-AEF8-E6F436A8E448}.Debug|Any CPU.Build.0 = Debug|Any CPU
		{C838E9EC-CC71-4E0D-AEF8-E6F436A8E448}.Debug|x64.ActiveCfg = Debug|Any CPU
		{C838E9EC-CC71-4E0D-AEF8-E6F436A8E448}.Debug|x64.Build.0 = Debug|Any CPU
		{C838E9EC-CC71-4E0D-AEF8-E6F436A8E448}.Debug|x86.ActiveCfg = Debug|Any CPU
		{C838E9EC-CC71-4E0D-AEF8-E6F436A8E448}.Debug|x86.Build.0 = Debug|Any CPU
		{C838E9EC-CC71-4E0D-AEF8-E6F436A8E448}.Release|Any CPU.ActiveCfg = Release|Any CPU
		{C838E9EC-CC71-4E0D-AEF8-E6F436A8E448}.Release|Any CPU.Build.0 = Release|Any CPU
		{C838E9EC-CC71-4E0D-AEF8-E6F436A8E448}.Release|x64.ActiveCfg = Release|Any CPU
		{C838E9EC-CC71-4E0D-AEF8-E6F436A8E448}.Release|x64.Build.0 = Release|Any CPU
		{C838E9EC-CC71-4E0D-AEF8-E6F436A8E448}.Release|x86.ActiveCfg = Release|Any CPU
		{C838E9EC-CC71-4E0D-AEF8-E6F436A8E448}.Release|x86.Build.0 = Release|Any CPU
		{34769087-0493-45D9-8914-D134BA12FF5C}.Debug|Any CPU.ActiveCfg = Debug|Any CPU
		{34769087-0493-45D9-8914-D134BA12FF5C}.Debug|Any CPU.Build.0 = Debug|Any CPU
		{34769087-0493-45D9-8914-D134BA12FF5C}.Debug|x64.ActiveCfg = Debug|Any CPU
		{34769087-0493-45D9-8914-D134BA12FF5C}.Debug|x64.Build.0 = Debug|Any CPU
		{34769087-0493-45D9-8914-D134BA12FF5C}.Debug|x86.ActiveCfg = Debug|Any CPU
		{34769087-0493-45D9-8914-D134BA12FF5C}.Debug|x86.Build.0 = Debug|Any CPU
		{34769087-0493-45D9-8914-D134BA12FF5C}.Release|Any CPU.ActiveCfg = Release|Any CPU
		{34769087-0493-45D9-8914-D134BA12FF5C}.Release|Any CPU.Build.0 = Release|Any CPU
		{34769087-0493-45D9-8914-D134BA12FF5C}.Release|x64.ActiveCfg = Release|Any CPU
		{34769087-0493-45D9-8914-D134BA12FF5C}.Release|x64.Build.0 = Release|Any CPU
		{34769087-0493-45D9-8914-D134BA12FF5C}.Release|x86.ActiveCfg = Release|Any CPU
		{34769087-0493-45D9-8914-D134BA12FF5C}.Release|x86.Build.0 = Release|Any CPU
		{1A519D35-9A43-438C-8ABB-E3B909E2F370}.Debug|Any CPU.ActiveCfg = Debug|Any CPU
		{1A519D35-9A43-438C-8ABB-E3B909E2F370}.Debug|Any CPU.Build.0 = Debug|Any CPU
		{1A519D35-9A43-438C-8ABB-E3B909E2F370}.Debug|x64.ActiveCfg = Debug|Any CPU
		{1A519D35-9A43-438C-8ABB-E3B909E2F370}.Debug|x64.Build.0 = Debug|Any CPU
		{1A519D35-9A43-438C-8ABB-E3B909E2F370}.Debug|x86.ActiveCfg = Debug|Any CPU
		{1A519D35-9A43-438C-8ABB-E3B909E2F370}.Debug|x86.Build.0 = Debug|Any CPU
		{1A519D35-9A43-438C-8ABB-E3B909E2F370}.Release|Any CPU.ActiveCfg = Release|Any CPU
		{1A519D35-9A43-438C-8ABB-E3B909E2F370}.Release|Any CPU.Build.0 = Release|Any CPU
		{1A519D35-9A43-438C-8ABB-E3B909E2F370}.Release|x64.ActiveCfg = Release|Any CPU
		{1A519D35-9A43-438C-8ABB-E3B909E2F370}.Release|x64.Build.0 = Release|Any CPU
		{1A519D35-9A43-438C-8ABB-E3B909E2F370}.Release|x86.ActiveCfg = Release|Any CPU
		{1A519D35-9A43-438C-8ABB-E3B909E2F370}.Release|x86.Build.0 = Release|Any CPU
		{32124759-EEF2-4667-95AF-624C82C36831}.Debug|Any CPU.ActiveCfg = Debug|Any CPU
		{32124759-EEF2-4667-95AF-624C82C36831}.Debug|Any CPU.Build.0 = Debug|Any CPU
		{32124759-EEF2-4667-95AF-624C82C36831}.Debug|x64.ActiveCfg = Debug|Any CPU
		{32124759-EEF2-4667-95AF-624C82C36831}.Debug|x64.Build.0 = Debug|Any CPU
		{32124759-EEF2-4667-95AF-624C82C36831}.Debug|x86.ActiveCfg = Debug|Any CPU
		{32124759-EEF2-4667-95AF-624C82C36831}.Debug|x86.Build.0 = Debug|Any CPU
		{32124759-EEF2-4667-95AF-624C82C36831}.Release|Any CPU.ActiveCfg = Release|Any CPU
		{32124759-EEF2-4667-95AF-624C82C36831}.Release|Any CPU.Build.0 = Release|Any CPU
		{32124759-EEF2-4667-95AF-624C82C36831}.Release|x64.ActiveCfg = Release|Any CPU
		{32124759-EEF2-4667-95AF-624C82C36831}.Release|x64.Build.0 = Release|Any CPU
		{32124759-EEF2-4667-95AF-624C82C36831}.Release|x86.ActiveCfg = Release|Any CPU
		{32124759-EEF2-4667-95AF-624C82C36831}.Release|x86.Build.0 = Release|Any CPU
		{0A452AB7-39BB-44FC-84CC-D619A68BBC09}.Debug|Any CPU.ActiveCfg = Debug|Any CPU
		{0A452AB7-39BB-44FC-84CC-D619A68BBC09}.Debug|Any CPU.Build.0 = Debug|Any CPU
		{0A452AB7-39BB-44FC-84CC-D619A68BBC09}.Debug|x64.ActiveCfg = Debug|Any CPU
		{0A452AB7-39BB-44FC-84CC-D619A68BBC09}.Debug|x64.Build.0 = Debug|Any CPU
		{0A452AB7-39BB-44FC-84CC-D619A68BBC09}.Debug|x86.ActiveCfg = Debug|Any CPU
		{0A452AB7-39BB-44FC-84CC-D619A68BBC09}.Debug|x86.Build.0 = Debug|Any CPU
		{0A452AB7-39BB-44FC-84CC-D619A68BBC09}.Release|Any CPU.ActiveCfg = Release|Any CPU
		{0A452AB7-39BB-44FC-84CC-D619A68BBC09}.Release|Any CPU.Build.0 = Release|Any CPU
		{0A452AB7-39BB-44FC-84CC-D619A68BBC09}.Release|x64.ActiveCfg = Release|Any CPU
		{0A452AB7-39BB-44FC-84CC-D619A68BBC09}.Release|x64.Build.0 = Release|Any CPU
		{0A452AB7-39BB-44FC-84CC-D619A68BBC09}.Release|x86.ActiveCfg = Release|Any CPU
		{0A452AB7-39BB-44FC-84CC-D619A68BBC09}.Release|x86.Build.0 = Release|Any CPU
		{C21ADFDC-399E-4208-83AA-F420D9F9AEEB}.Debug|Any CPU.ActiveCfg = Debug|Any CPU
		{C21ADFDC-399E-4208-83AA-F420D9F9AEEB}.Debug|Any CPU.Build.0 = Debug|Any CPU
		{C21ADFDC-399E-4208-83AA-F420D9F9AEEB}.Debug|x64.ActiveCfg = Debug|Any CPU
		{C21ADFDC-399E-4208-83AA-F420D9F9AEEB}.Debug|x64.Build.0 = Debug|Any CPU
		{C21ADFDC-399E-4208-83AA-F420D9F9AEEB}.Debug|x86.ActiveCfg = Debug|Any CPU
		{C21ADFDC-399E-4208-83AA-F420D9F9AEEB}.Debug|x86.Build.0 = Debug|Any CPU
		{C21ADFDC-399E-4208-83AA-F420D9F9AEEB}.Release|Any CPU.ActiveCfg = Release|Any CPU
		{C21ADFDC-399E-4208-83AA-F420D9F9AEEB}.Release|Any CPU.Build.0 = Release|Any CPU
		{C21ADFDC-399E-4208-83AA-F420D9F9AEEB}.Release|x64.ActiveCfg = Release|Any CPU
		{C21ADFDC-399E-4208-83AA-F420D9F9AEEB}.Release|x64.Build.0 = Release|Any CPU
		{C21ADFDC-399E-4208-83AA-F420D9F9AEEB}.Release|x86.ActiveCfg = Release|Any CPU
		{C21ADFDC-399E-4208-83AA-F420D9F9AEEB}.Release|x86.Build.0 = Release|Any CPU
		{62F09B0A-921A-4930-8131-675F4AA60FAE}.Debug|Any CPU.ActiveCfg = Debug|Any CPU
		{62F09B0A-921A-4930-8131-675F4AA60FAE}.Debug|Any CPU.Build.0 = Debug|Any CPU
		{62F09B0A-921A-4930-8131-675F4AA60FAE}.Debug|x64.ActiveCfg = Debug|Any CPU
		{62F09B0A-921A-4930-8131-675F4AA60FAE}.Debug|x64.Build.0 = Debug|Any CPU
		{62F09B0A-921A-4930-8131-675F4AA60FAE}.Debug|x86.ActiveCfg = Debug|Any CPU
		{62F09B0A-921A-4930-8131-675F4AA60FAE}.Debug|x86.Build.0 = Debug|Any CPU
		{62F09B0A-921A-4930-8131-675F4AA60FAE}.Release|Any CPU.ActiveCfg = Release|Any CPU
		{62F09B0A-921A-4930-8131-675F4AA60FAE}.Release|Any CPU.Build.0 = Release|Any CPU
		{62F09B0A-921A-4930-8131-675F4AA60FAE}.Release|x64.ActiveCfg = Release|Any CPU
		{62F09B0A-921A-4930-8131-675F4AA60FAE}.Release|x64.Build.0 = Release|Any CPU
		{62F09B0A-921A-4930-8131-675F4AA60FAE}.Release|x86.ActiveCfg = Release|Any CPU
		{62F09B0A-921A-4930-8131-675F4AA60FAE}.Release|x86.Build.0 = Release|Any CPU
		{FCF27963-8C88-4AF6-8AA4-7DBBD6D3F797}.Debug|Any CPU.ActiveCfg = Debug|Any CPU
		{FCF27963-8C88-4AF6-8AA4-7DBBD6D3F797}.Debug|Any CPU.Build.0 = Debug|Any CPU
		{FCF27963-8C88-4AF6-8AA4-7DBBD6D3F797}.Debug|x64.ActiveCfg = Debug|Any CPU
		{FCF27963-8C88-4AF6-8AA4-7DBBD6D3F797}.Debug|x64.Build.0 = Debug|Any CPU
		{FCF27963-8C88-4AF6-8AA4-7DBBD6D3F797}.Debug|x86.ActiveCfg = Debug|Any CPU
		{FCF27963-8C88-4AF6-8AA4-7DBBD6D3F797}.Debug|x86.Build.0 = Debug|Any CPU
		{FCF27963-8C88-4AF6-8AA4-7DBBD6D3F797}.Release|Any CPU.ActiveCfg = Release|Any CPU
		{FCF27963-8C88-4AF6-8AA4-7DBBD6D3F797}.Release|Any CPU.Build.0 = Release|Any CPU
		{FCF27963-8C88-4AF6-8AA4-7DBBD6D3F797}.Release|x64.ActiveCfg = Release|Any CPU
		{FCF27963-8C88-4AF6-8AA4-7DBBD6D3F797}.Release|x64.Build.0 = Release|Any CPU
		{FCF27963-8C88-4AF6-8AA4-7DBBD6D3F797}.Release|x86.ActiveCfg = Release|Any CPU
		{FCF27963-8C88-4AF6-8AA4-7DBBD6D3F797}.Release|x86.Build.0 = Release|Any CPU
		{7F646745-959C-4585-88D9-A879D3CEC6FF}.Debug|Any CPU.ActiveCfg = Debug|Any CPU
		{7F646745-959C-4585-88D9-A879D3CEC6FF}.Debug|Any CPU.Build.0 = Debug|Any CPU
		{7F646745-959C-4585-88D9-A879D3CEC6FF}.Debug|x64.ActiveCfg = Debug|Any CPU
		{7F646745-959C-4585-88D9-A879D3CEC6FF}.Debug|x64.Build.0 = Debug|Any CPU
		{7F646745-959C-4585-88D9-A879D3CEC6FF}.Debug|x86.ActiveCfg = Debug|Any CPU
		{7F646745-959C-4585-88D9-A879D3CEC6FF}.Debug|x86.Build.0 = Debug|Any CPU
		{7F646745-959C-4585-88D9-A879D3CEC6FF}.Release|Any CPU.ActiveCfg = Release|Any CPU
		{7F646745-959C-4585-88D9-A879D3CEC6FF}.Release|Any CPU.Build.0 = Release|Any CPU
		{7F646745-959C-4585-88D9-A879D3CEC6FF}.Release|x64.ActiveCfg = Release|Any CPU
		{7F646745-959C-4585-88D9-A879D3CEC6FF}.Release|x64.Build.0 = Release|Any CPU
		{7F646745-959C-4585-88D9-A879D3CEC6FF}.Release|x86.ActiveCfg = Release|Any CPU
		{7F646745-959C-4585-88D9-A879D3CEC6FF}.Release|x86.Build.0 = Release|Any CPU
		{02AE8AAD-ED4E-43A6-9600-1A8F9B9B8A89}.Debug|Any CPU.ActiveCfg = Debug|Any CPU
		{02AE8AAD-ED4E-43A6-9600-1A8F9B9B8A89}.Debug|Any CPU.Build.0 = Debug|Any CPU
		{02AE8AAD-ED4E-43A6-9600-1A8F9B9B8A89}.Debug|x64.ActiveCfg = Debug|Any CPU
		{02AE8AAD-ED4E-43A6-9600-1A8F9B9B8A89}.Debug|x64.Build.0 = Debug|Any CPU
		{02AE8AAD-ED4E-43A6-9600-1A8F9B9B8A89}.Debug|x86.ActiveCfg = Debug|Any CPU
		{02AE8AAD-ED4E-43A6-9600-1A8F9B9B8A89}.Debug|x86.Build.0 = Debug|Any CPU
		{02AE8AAD-ED4E-43A6-9600-1A8F9B9B8A89}.Release|Any CPU.ActiveCfg = Release|Any CPU
		{02AE8AAD-ED4E-43A6-9600-1A8F9B9B8A89}.Release|Any CPU.Build.0 = Release|Any CPU
		{02AE8AAD-ED4E-43A6-9600-1A8F9B9B8A89}.Release|x64.ActiveCfg = Release|Any CPU
		{02AE8AAD-ED4E-43A6-9600-1A8F9B9B8A89}.Release|x64.Build.0 = Release|Any CPU
		{02AE8AAD-ED4E-43A6-9600-1A8F9B9B8A89}.Release|x86.ActiveCfg = Release|Any CPU
		{02AE8AAD-ED4E-43A6-9600-1A8F9B9B8A89}.Release|x86.Build.0 = Release|Any CPU
		{8468C03C-A1A9-415D-8197-343C6824BB3E}.Debug|Any CPU.ActiveCfg = Debug|Any CPU
		{8468C03C-A1A9-415D-8197-343C6824BB3E}.Debug|Any CPU.Build.0 = Debug|Any CPU
		{8468C03C-A1A9-415D-8197-343C6824BB3E}.Debug|x64.ActiveCfg = Debug|Any CPU
		{8468C03C-A1A9-415D-8197-343C6824BB3E}.Debug|x64.Build.0 = Debug|Any CPU
		{8468C03C-A1A9-415D-8197-343C6824BB3E}.Debug|x86.ActiveCfg = Debug|Any CPU
		{8468C03C-A1A9-415D-8197-343C6824BB3E}.Debug|x86.Build.0 = Debug|Any CPU
		{8468C03C-A1A9-415D-8197-343C6824BB3E}.Release|Any CPU.ActiveCfg = Release|Any CPU
		{8468C03C-A1A9-415D-8197-343C6824BB3E}.Release|Any CPU.Build.0 = Release|Any CPU
		{8468C03C-A1A9-415D-8197-343C6824BB3E}.Release|x64.ActiveCfg = Release|Any CPU
		{8468C03C-A1A9-415D-8197-343C6824BB3E}.Release|x64.Build.0 = Release|Any CPU
		{8468C03C-A1A9-415D-8197-343C6824BB3E}.Release|x86.ActiveCfg = Release|Any CPU
		{8468C03C-A1A9-415D-8197-343C6824BB3E}.Release|x86.Build.0 = Release|Any CPU
		{189E02FC-F1EE-4BF5-A476-CBEE84F0D9AE}.Debug|Any CPU.ActiveCfg = Debug|Any CPU
		{189E02FC-F1EE-4BF5-A476-CBEE84F0D9AE}.Debug|Any CPU.Build.0 = Debug|Any CPU
		{189E02FC-F1EE-4BF5-A476-CBEE84F0D9AE}.Debug|x64.ActiveCfg = Debug|Any CPU
		{189E02FC-F1EE-4BF5-A476-CBEE84F0D9AE}.Debug|x64.Build.0 = Debug|Any CPU
		{189E02FC-F1EE-4BF5-A476-CBEE84F0D9AE}.Debug|x86.ActiveCfg = Debug|Any CPU
		{189E02FC-F1EE-4BF5-A476-CBEE84F0D9AE}.Debug|x86.Build.0 = Debug|Any CPU
		{189E02FC-F1EE-4BF5-A476-CBEE84F0D9AE}.Release|Any CPU.ActiveCfg = Release|Any CPU
		{189E02FC-F1EE-4BF5-A476-CBEE84F0D9AE}.Release|Any CPU.Build.0 = Release|Any CPU
		{189E02FC-F1EE-4BF5-A476-CBEE84F0D9AE}.Release|x64.ActiveCfg = Release|Any CPU
		{189E02FC-F1EE-4BF5-A476-CBEE84F0D9AE}.Release|x64.Build.0 = Release|Any CPU
		{189E02FC-F1EE-4BF5-A476-CBEE84F0D9AE}.Release|x86.ActiveCfg = Release|Any CPU
		{189E02FC-F1EE-4BF5-A476-CBEE84F0D9AE}.Release|x86.Build.0 = Release|Any CPU
		{A5483AE2-99CD-4BE9-A9DF-6872720A51CB}.Debug|Any CPU.ActiveCfg = Debug|Any CPU
		{A5483AE2-99CD-4BE9-A9DF-6872720A51CB}.Debug|Any CPU.Build.0 = Debug|Any CPU
		{A5483AE2-99CD-4BE9-A9DF-6872720A51CB}.Debug|x64.ActiveCfg = Debug|Any CPU
		{A5483AE2-99CD-4BE9-A9DF-6872720A51CB}.Debug|x64.Build.0 = Debug|Any CPU
		{A5483AE2-99CD-4BE9-A9DF-6872720A51CB}.Debug|x86.ActiveCfg = Debug|Any CPU
		{A5483AE2-99CD-4BE9-A9DF-6872720A51CB}.Debug|x86.Build.0 = Debug|Any CPU
		{A5483AE2-99CD-4BE9-A9DF-6872720A51CB}.Release|Any CPU.ActiveCfg = Release|Any CPU
		{A5483AE2-99CD-4BE9-A9DF-6872720A51CB}.Release|Any CPU.Build.0 = Release|Any CPU
		{A5483AE2-99CD-4BE9-A9DF-6872720A51CB}.Release|x64.ActiveCfg = Release|Any CPU
		{A5483AE2-99CD-4BE9-A9DF-6872720A51CB}.Release|x64.Build.0 = Release|Any CPU
		{A5483AE2-99CD-4BE9-A9DF-6872720A51CB}.Release|x86.ActiveCfg = Release|Any CPU
		{A5483AE2-99CD-4BE9-A9DF-6872720A51CB}.Release|x86.Build.0 = Release|Any CPU
	EndGlobalSection
	GlobalSection(SolutionProperties) = preSolution
		HideSolutionNode = FALSE
	EndGlobalSection
	GlobalSection(NestedProjects) = preSolution
		{68661020-406F-4759-984D-7B4B8EB1693B} = {827E0CD3-B72D-47B6-A68D-7590B98EB39B}
		{A4DD9250-05EB-4415-8307-9A82558A6C5D} = {827E0CD3-B72D-47B6-A68D-7590B98EB39B}
		{89DE934D-367D-4A11-94FB-75243F0E26B2} = {827E0CD3-B72D-47B6-A68D-7590B98EB39B}
		{9569AF58-532C-465A-A635-104FFF6168C4} = {827E0CD3-B72D-47B6-A68D-7590B98EB39B}
		{B19B45B0-D935-4A8C-820E-D482A2BBAF9A} = {827E0CD3-B72D-47B6-A68D-7590B98EB39B}
		{832C8893-5A27-4A79-8BC7-10750B6E5396} = {827E0CD3-B72D-47B6-A68D-7590B98EB39B}
		{A5B04F49-C7AB-4AB5-B2A8-1117452895C9} = {827E0CD3-B72D-47B6-A68D-7590B98EB39B}
		{AE2A9262-57E1-4B70-9701-93984AC2BB72} = {827E0CD3-B72D-47B6-A68D-7590B98EB39B}
		{6965CDDA-94BA-42B7-B85E-8E9BABB158B3} = {827E0CD3-B72D-47B6-A68D-7590B98EB39B}
		{73ACC308-0840-4716-AE08-05C08F1CC79A} = {827E0CD3-B72D-47B6-A68D-7590B98EB39B}
		{C838E9EC-CC71-4E0D-AEF8-E6F436A8E448} = {827E0CD3-B72D-47B6-A68D-7590B98EB39B}
		{34769087-0493-45D9-8914-D134BA12FF5C} = {0AB3BF05-4346-4AA6-1389-037BE0695223}
		{1A519D35-9A43-438C-8ABB-E3B909E2F370} = {0AB3BF05-4346-4AA6-1389-037BE0695223}
		{32124759-EEF2-4667-95AF-624C82C36831} = {0AB3BF05-4346-4AA6-1389-037BE0695223}
		{0A452AB7-39BB-44FC-84CC-D619A68BBC09} = {0AB3BF05-4346-4AA6-1389-037BE0695223}
		{C21ADFDC-399E-4208-83AA-F420D9F9AEEB} = {0AB3BF05-4346-4AA6-1389-037BE0695223}
		{62F09B0A-921A-4930-8131-675F4AA60FAE} = {0AB3BF05-4346-4AA6-1389-037BE0695223}
		{FCF27963-8C88-4AF6-8AA4-7DBBD6D3F797} = {0AB3BF05-4346-4AA6-1389-037BE0695223}
		{7F646745-959C-4585-88D9-A879D3CEC6FF} = {0AB3BF05-4346-4AA6-1389-037BE0695223}
		{02AE8AAD-ED4E-43A6-9600-1A8F9B9B8A89} = {0AB3BF05-4346-4AA6-1389-037BE0695223}
		{8468C03C-A1A9-415D-8197-343C6824BB3E} = {0AB3BF05-4346-4AA6-1389-037BE0695223}
		{189E02FC-F1EE-4BF5-A476-CBEE84F0D9AE} = {0AB3BF05-4346-4AA6-1389-037BE0695223}
		{A5483AE2-99CD-4BE9-A9DF-6872720A51CB} = {0AB3BF05-4346-4AA6-1389-037BE0695223}
	EndGlobalSection
EndGlobal
